
Microsoft Visual Studio Solution File, Format Version 12.00
# Visual Studio Version 16
VisualStudioVersion = 16.0.32630.194
MinimumVisualStudioVersion = 10.0.40219.1
Project("{FAE04EC0-301F-11D3-BF4B-00C04F79EFBC}") = "Lesson11", "Lesson11\Lesson11.csproj", "{35FF5948-92F1-41AB-BB9B-AD56CFAEFA0F}"
EndProject
Global
	GlobalSection(SolutionConfigurationPlatforms) = preSolution
		Debug|Any CPU = Debug|Any CPU
		Release|Any CPU = Release|Any CPU
	EndGlobalSection
	GlobalSection(ProjectConfigurationPlatforms) = postSolution
		{35FF5948-92F1-41AB-BB9B-AD56CFAEFA0F}.Debug|Any CPU.ActiveCfg = Debug|Any CPU
		{35FF5948-92F1-41AB-BB9B-AD56CFAEFA0F}.Debug|Any CPU.Build.0 = Debug|Any CPU
		{35FF5948-92F1-41AB-BB9B-AD56CFAEFA0F}.Release|Any CPU.ActiveCfg = Release|Any CPU
		{35FF5948-92F1-41AB-BB9B-AD56CFAEFA0F}.Release|Any CPU.Build.0 = Release|Any CPU
	EndGlobalSection
	GlobalSection(SolutionProperties) = preSolution
		HideSolutionNode = FALSE
	EndGlobalSection
	GlobalSection(ExtensibilityGlobals) = postSolution
		SolutionGuid = {E076A85D-1261-4128-8858-D60463ECB711}
	EndGlobalSection
EndGlobal
